// !$*UTF8*$!
{
	archiveVersion = 1;
	classes = {
	};
	objectVersion = 56;
	objects = {

/* Begin PBXBuildFile section */
		169ED79B2C7BB95F000254F0 /* SnapTalkApp.swift in Sources */ = {isa = PBXBuildFile; fileRef = 169ED79A2C7BB95F000254F0 /* SnapTalkApp.swift */; };
		169ED79F2C7BB960000254F0 /* Assets.xcassets in Resources */ = {isa = PBXBuildFile; fileRef = 169ED79E2C7BB960000254F0 /* Assets.xcassets */; };
		169ED7A22C7BB960000254F0 /* Preview Assets.xcassets in Resources */ = {isa = PBXBuildFile; fileRef = 169ED7A12C7BB960000254F0 /* Preview Assets.xcassets */; };
		169ED7AC2C7BB960000254F0 /* SnapTalkTests.swift in Sources */ = {isa = PBXBuildFile; fileRef = 169ED7AB2C7BB960000254F0 /* SnapTalkTests.swift */; };
		169ED7B62C7BB960000254F0 /* SnapTalkUITests.swift in Sources */ = {isa = PBXBuildFile; fileRef = 169ED7B52C7BB960000254F0 /* SnapTalkUITests.swift */; };
		169ED7B82C7BB960000254F0 /* SnapTalkUITestsLaunchTests.swift in Sources */ = {isa = PBXBuildFile; fileRef = 169ED7B72C7BB960000254F0 /* SnapTalkUITestsLaunchTests.swift */; };
		169ED7C52C7BBC17000254F0 /* MainTabView.swift in Sources */ = {isa = PBXBuildFile; fileRef = 169ED7C42C7BBC17000254F0 /* MainTabView.swift */; };
		169ED7C92C7BC65B000254F0 /* UpdatesTabScreen.swift in Sources */ = {isa = PBXBuildFile; fileRef = 169ED7C82C7BC65B000254F0 /* UpdatesTabScreen.swift */; };
/* End PBXBuildFile section */

/* Begin PBXContainerItemProxy section */
		169ED7A82C7BB960000254F0 /* PBXContainerItemProxy */ = {
			isa = PBXContainerItemProxy;
			containerPortal = 169ED78F2C7BB95F000254F0 /* Project object */;
			proxyType = 1;
			remoteGlobalIDString = 169ED7962C7BB95F000254F0;
			remoteInfo = SnapTalk;
		};
		169ED7B22C7BB960000254F0 /* PBXContainerItemProxy */ = {
			isa = PBXContainerItemProxy;
			containerPortal = 169ED78F2C7BB95F000254F0 /* Project object */;
			proxyType = 1;
			remoteGlobalIDString = 169ED7962C7BB95F000254F0;
			remoteInfo = SnapTalk;
		};
/* End PBXContainerItemProxy section */

/* Begin PBXFileReference section */
		169ED7972C7BB95F000254F0 /* SnapTalk.app */ = {isa = PBXFileReference; explicitFileType = wrapper.application; includeInIndex = 0; path = SnapTalk.app; sourceTree = BUILT_PRODUCTS_DIR; };
		169ED79A2C7BB95F000254F0 /* SnapTalkApp.swift */ = {isa = PBXFileReference; lastKnownFileType = sourcecode.swift; path = SnapTalkApp.swift; sourceTree = "<group>"; };
		169ED79E2C7BB960000254F0 /* Assets.xcassets */ = {isa = PBXFileReference; lastKnownFileType = folder.assetcatalog; path = Assets.xcassets; sourceTree = "<group>"; };
		169ED7A12C7BB960000254F0 /* Preview Assets.xcassets */ = {isa = PBXFileReference; lastKnownFileType = folder.assetcatalog; path = "Preview Assets.xcassets"; sourceTree = "<group>"; };
		169ED7A72C7BB960000254F0 /* SnapTalkTests.xctest */ = {isa = PBXFileReference; explicitFileType = wrapper.cfbundle; includeInIndex = 0; path = SnapTalkTests.xctest; sourceTree = BUILT_PRODUCTS_DIR; };
		169ED7AB2C7BB960000254F0 /* SnapTalkTests.swift */ = {isa = PBXFileReference; lastKnownFileType = sourcecode.swift; path = SnapTalkTests.swift; sourceTree = "<group>"; };
		169ED7B12C7BB960000254F0 /* SnapTalkUITests.xctest */ = {isa = PBXFileReference; explicitFileType = wrapper.cfbundle; includeInIndex = 0; path = SnapTalkUITests.xctest; sourceTree = BUILT_PRODUCTS_DIR; };
		169ED7B52C7BB960000254F0 /* SnapTalkUITests.swift */ = {isa = PBXFileReference; lastKnownFileType = sourcecode.swift; path = SnapTalkUITests.swift; sourceTree = "<group>"; };
		169ED7B72C7BB960000254F0 /* SnapTalkUITestsLaunchTests.swift */ = {isa = PBXFileReference; lastKnownFileType = sourcecode.swift; path = SnapTalkUITestsLaunchTests.swift; sourceTree = "<group>"; };
		169ED7C42C7BBC17000254F0 /* MainTabView.swift */ = {isa = PBXFileReference; lastKnownFileType = sourcecode.swift; path = MainTabView.swift; sourceTree = "<group>"; };
		169ED7C82C7BC65B000254F0 /* UpdatesTabScreen.swift */ = {isa = PBXFileReference; lastKnownFileType = sourcecode.swift; path = UpdatesTabScreen.swift; sourceTree = "<group>"; };
/* End PBXFileReference section */

/* Begin PBXFrameworksBuildPhase section */
		169ED7942C7BB95F000254F0 /* Frameworks */ = {
			isa = PBXFrameworksBuildPhase;
			buildActionMask = 2147483647;
			files = (
			);
			runOnlyForDeploymentPostprocessing = 0;
		};
		169ED7A42C7BB960000254F0 /* Frameworks */ = {
			isa = PBXFrameworksBuildPhase;
			buildActionMask = 2147483647;
			files = (
			);
			runOnlyForDeploymentPostprocessing = 0;
		};
		169ED7AE2C7BB960000254F0 /* Frameworks */ = {
			isa = PBXFrameworksBuildPhase;
			buildActionMask = 2147483647;
			files = (
			);
			runOnlyForDeploymentPostprocessing = 0;
		};
/* End PBXFrameworksBuildPhase section */

/* Begin PBXGroup section */
		169ED78E2C7BB95F000254F0 = {
			isa = PBXGroup;
			children = (
				169ED7992C7BB95F000254F0 /* SnapTalk */,
				169ED7AA2C7BB960000254F0 /* SnapTalkTests */,
				169ED7B42C7BB960000254F0 /* SnapTalkUITests */,
				169ED7982C7BB95F000254F0 /* Products */,
			);
			sourceTree = "<group>";
		};
		169ED7982C7BB95F000254F0 /* Products */ = {
			isa = PBXGroup;
			children = (
				169ED7972C7BB95F000254F0 /* SnapTalk.app */,
				169ED7A72C7BB960000254F0 /* SnapTalkTests.xctest */,
				169ED7B12C7BB960000254F0 /* SnapTalkUITests.xctest */,
			);
			name = Products;
			sourceTree = "<group>";
		};
		169ED7992C7BB95F000254F0 /* SnapTalk */ = {
			isa = PBXGroup;
			children = (
				169ED7C42C7BBC17000254F0 /* MainTabView.swift */,
				169ED79A2C7BB95F000254F0 /* SnapTalkApp.swift */,
				169ED79E2C7BB960000254F0 /* Assets.xcassets */,
				169ED7A02C7BB960000254F0 /* Preview Content */,
				169ED7C82C7BC65B000254F0 /* UpdatesTabScreen.swift */,
			);
			path = SnapTalk;
			sourceTree = "<group>";
		};
		169ED7A02C7BB960000254F0 /* Preview Content */ = {
			isa = PBXGroup;
			children = (
				169ED7A12C7BB960000254F0 /* Preview Assets.xcassets */,
			);
			path = "Preview Content";
			sourceTree = "<group>";
		};
		169ED7AA2C7BB960000254F0 /* SnapTalkTests */ = {
			isa = PBXGroup;
			children = (
				169ED7AB2C7BB960000254F0 /* SnapTalkTests.swift */,
			);
			path = SnapTalkTests;
			sourceTree = "<group>";
		};
		169ED7B42C7BB960000254F0 /* SnapTalkUITests */ = {
			isa = PBXGroup;
			children = (
				169ED7B52C7BB960000254F0 /* SnapTalkUITests.swift */,
				169ED7B72C7BB960000254F0 /* SnapTalkUITestsLaunchTests.swift */,
			);
			path = SnapTalkUITests;
			sourceTree = "<group>";
		};
/* End PBXGroup section */

/* Begin PBXNativeTarget section */
		169ED7962C7BB95F000254F0 /* SnapTalk */ = {
			isa = PBXNativeTarget;
			buildConfigurationList = 169ED7BB2C7BB960000254F0 /* Build configuration list for PBXNativeTarget "SnapTalk" */;
			buildPhases = (
				169ED7932C7BB95F000254F0 /* Sources */,
				169ED7942C7BB95F000254F0 /* Frameworks */,
				169ED7952C7BB95F000254F0 /* Resources */,
			);
			buildRules = (
			);
			dependencies = (
			);
			name = SnapTalk;
			productName = SnapTalk;
			productReference = 169ED7972C7BB95F000254F0 /* SnapTalk.app */;
			productType = "com.apple.product-type.application";
		};
		169ED7A62C7BB960000254F0 /* SnapTalkTests */ = {
			isa = PBXNativeTarget;
			buildConfigurationList = 169ED7BE2C7BB960000254F0 /* Build configuration list for PBXNativeTarget "SnapTalkTests" */;
			buildPhases = (
				169ED7A32C7BB960000254F0 /* Sources */,
				169ED7A42C7BB960000254F0 /* Frameworks */,
				169ED7A52C7BB960000254F0 /* Resources */,
			);
			buildRules = (
			);
			dependencies = (
				169ED7A92C7BB960000254F0 /* PBXTargetDependency */,
			);
			name = SnapTalkTests;
			productName = SnapTalkTests;
			productReference = 169ED7A72C7BB960000254F0 /* SnapTalkTests.xctest */;
			productType = "com.apple.product-type.bundle.unit-test";
		};
		169ED7B02C7BB960000254F0 /* SnapTalkUITests */ = {
			isa = PBXNativeTarget;
			buildConfigurationList = 169ED7C12C7BB960000254F0 /* Build configuration list for PBXNativeTarget "SnapTalkUITests" */;
			buildPhases = (
				169ED7AD2C7BB960000254F0 /* Sources */,
				169ED7AE2C7BB960000254F0 /* Frameworks */,
				169ED7AF2C7BB960000254F0 /* Resources */,
			);
			buildRules = (
			);
			dependencies = (
				169ED7B32C7BB960000254F0 /* PBXTargetDependency */,
			);
			name = SnapTalkUITests;
			productName = SnapTalkUITests;
			productReference = 169ED7B12C7BB960000254F0 /* SnapTalkUITests.xctest */;
			productType = "com.apple.product-type.bundle.ui-testing";
		};
/* End PBXNativeTarget section */

/* Begin PBXProject section */
		169ED78F2C7BB95F000254F0 /* Project object */ = {
			isa = PBXProject;
			attributes = {
				BuildIndependentTargetsInParallel = 1;
				LastSwiftUpdateCheck = 1540;
				LastUpgradeCheck = 1540;
				TargetAttributes = {
					169ED7962C7BB95F000254F0 = {
						CreatedOnToolsVersion = 15.4;
					};
					169ED7A62C7BB960000254F0 = {
						CreatedOnToolsVersion = 15.4;
						TestTargetID = 169ED7962C7BB95F000254F0;
					};
					169ED7B02C7BB960000254F0 = {
						CreatedOnToolsVersion = 15.4;
						TestTargetID = 169ED7962C7BB95F000254F0;
					};
				};
			};
			buildConfigurationList = 169ED7922C7BB95F000254F0 /* Build configuration list for PBXProject "SnapTalk" */;
			compatibilityVersion = "Xcode 14.0";
			developmentRegion = en;
			hasScannedForEncodings = 0;
			knownRegions = (
				en,
				Base,
			);
			mainGroup = 169ED78E2C7BB95F000254F0;
			productRefGroup = 169ED7982C7BB95F000254F0 /* Products */;
			projectDirPath = "";
			projectRoot = "";
			targets = (
				169ED7962C7BB95F000254F0 /* SnapTalk */,
				169ED7A62C7BB960000254F0 /* SnapTalkTests */,
				169ED7B02C7BB960000254F0 /* SnapTalkUITests */,
			);
		};
/* End PBXProject section */

/* Begin PBXResourcesBuildPhase section */
		169ED7952C7BB95F000254F0 /* Resources */ = {
			isa = PBXResourcesBuildPhase;
			buildActionMask = 2147483647;
			files = (
				169ED7A22C7BB960000254F0 /* Preview Assets.xcassets in Resources */,
				169ED79F2C7BB960000254F0 /* Assets.xcassets in Resources */,
			);
			runOnlyForDeploymentPostprocessing = 0;
		};
		169ED7A52C7BB960000254F0 /* Resources */ = {
			isa = PBXResourcesBuildPhase;
			buildActionMask = 2147483647;
			files = (
			);
			runOnlyForDeploymentPostprocessing = 0;
		};
		169ED7AF2C7BB960000254F0 /* Resources */ = {
			isa = PBXResourcesBuildPhase;
			buildActionMask = 2147483647;
			files = (
			);
			runOnlyForDeploymentPostprocessing = 0;
		};
/* End PBXResourcesBuildPhase section */

/* Begin PBXSourcesBuildPhase section */
		169ED7932C7BB95F000254F0 /* Sources */ = {
			isa = PBXSourcesBuildPhase;
			buildActionMask = 2147483647;
			files = (
				169ED7C92C7BC65B000254F0 /* UpdatesTabScreen.swift in Sources */,
				169ED79B2C7BB95F000254F0 /* SnapTalkApp.swift in Sources */,
				169ED7C52C7BBC17000254F0 /* MainTabView.swift in Sources */,
			);
			runOnlyForDeploymentPostprocessing = 0;
		};
		169ED7A32C7BB960000254F0 /* Sources */ = {
			isa = PBXSourcesBuildPhase;
			buildActionMask = 2147483647;
			files = (
				169ED7AC2C7BB960000254F0 /* SnapTalkTests.swift in Sources */,
			);
			runOnlyForDeploymentPostprocessing = 0;
		};
		169ED7AD2C7BB960000254F0 /* Sources */ = {
			isa = PBXSourcesBuildPhase;
			buildActionMask = 2147483647;
			files = (
				169ED7B82C7BB960000254F0 /* SnapTalkUITestsLaunchTests.swift in Sources */,
				169ED7B62C7BB960000254F0 /* SnapTalkUITests.swift in Sources */,
			);
			runOnlyForDeploymentPostprocessing = 0;
		};
/* End PBXSourcesBuildPhase section */

/* Begin PBXTargetDependency section */
		169ED7A92C7BB960000254F0 /* PBXTargetDependency */ = {
			isa = PBXTargetDependency;
			target = 169ED7962C7BB95F000254F0 /* SnapTalk */;
			targetProxy = 169ED7A82C7BB960000254F0 /* PBXContainerItemProxy */;
		};
		169ED7B32C7BB960000254F0 /* PBXTargetDependency */ = {
			isa = PBXTargetDependency;
			target = 169ED7962C7BB95F000254F0 /* SnapTalk */;
			targetProxy = 169ED7B22C7BB960000254F0 /* PBXContainerItemProxy */;
		};
/* End PBXTargetDependency section */

/* Begin XCBuildConfiguration section */
		169ED7B92C7BB960000254F0 /* Debug */ = {
			isa = XCBuildConfiguration;
			buildSettings = {
				ALWAYS_SEARCH_USER_PATHS = NO;
				ASSETCATALOG_COMPILER_GENERATE_SWIFT_ASSET_SYMBOL_EXTENSIONS = YES;
				CLANG_ANALYZER_NONNULL = YES;
				CLANG_ANALYZER_NUMBER_OBJECT_CONVERSION = YES_AGGRESSIVE;
				CLANG_CXX_LANGUAGE_STANDARD = "gnu++20";
				CLANG_ENABLE_MODULES = YES;
				CLANG_ENABLE_OBJC_ARC = YES;
				CLANG_ENABLE_OBJC_WEAK = YES;
				CLANG_WARN_BLOCK_CAPTURE_AUTORELEASING = YES;
				CLANG_WARN_BOOL_CONVERSION = YES;
				CLANG_WARN_COMMA = YES;
				CLANG_WARN_CONSTANT_CONVERSION = YES;
				CLANG_WARN_DEPRECATED_OBJC_IMPLEMENTATIONS = YES;
				CLANG_WARN_DIRECT_OBJC_ISA_USAGE = YES_ERROR;
				CLANG_WARN_DOCUMENTATION_COMMENTS = YES;
				CLANG_WARN_EMPTY_BODY = YES;
				CLANG_WARN_ENUM_CONVERSION = YES;
				CLANG_WARN_INFINITE_RECURSION = YES;
				CLANG_WARN_INT_CONVERSION = YES;
				CLANG_WARN_NON_LITERAL_NULL_CONVERSION = YES;
				CLANG_WARN_OBJC_IMPLICIT_RETAIN_SELF = YES;
				CLANG_WARN_OBJC_LITERAL_CONVERSION = YES;
				CLANG_WARN_OBJC_ROOT_CLASS = YES_ERROR;
				CLANG_WARN_QUOTED_INCLUDE_IN_FRAMEWORK_HEADER = YES;
				CLANG_WARN_RANGE_LOOP_ANALYSIS = YES;
				CLANG_WARN_STRICT_PROTOTYPES = YES;
				CLANG_WARN_SUSPICIOUS_MOVE = YES;
				CLANG_WARN_UNGUARDED_AVAILABILITY = YES_AGGRESSIVE;
				CLANG_WARN_UNREACHABLE_CODE = YES;
				CLANG_WARN__DUPLICATE_METHOD_MATCH = YES;
				COPY_PHASE_STRIP = NO;
				DEBUG_INFORMATION_FORMAT = dwarf;
				ENABLE_STRICT_OBJC_MSGSEND = YES;
				ENABLE_TESTABILITY = YES;
				ENABLE_USER_SCRIPT_SANDBOXING = YES;
				GCC_C_LANGUAGE_STANDARD = gnu17;
				GCC_DYNAMIC_NO_PIC = NO;
				GCC_NO_COMMON_BLOCKS = YES;
				GCC_OPTIMIZATION_LEVEL = 0;
				GCC_PREPROCESSOR_DEFINITIONS = (
					"DEBUG=1",
					"$(inherited)",
				);
				GCC_WARN_64_TO_32_BIT_CONVERSION = YES;
				GCC_WARN_ABOUT_RETURN_TYPE = YES_ERROR;
				GCC_WARN_UNDECLARED_SELECTOR = YES;
				GCC_WARN_UNINITIALIZED_AUTOS = YES_AGGRESSIVE;
				GCC_WARN_UNUSED_FUNCTION = YES;
				GCC_WARN_UNUSED_VARIABLE = YES;
				IPHONEOS_DEPLOYMENT_TARGET = 17.5;
				LOCALIZATION_PREFERS_STRING_CATALOGS = YES;
				MTL_ENABLE_DEBUG_INFO = INCLUDE_SOURCE;
				MTL_FAST_MATH = YES;
				ONLY_ACTIVE_ARCH = YES;
				SDKROOT = iphoneos;
				SWIFT_ACTIVE_COMPILATION_CONDITIONS = "DEBUG $(inherited)";
				SWIFT_OPTIMIZATION_LEVEL = "-Onone";
			};
			name = Debug;
		};
		169ED7BA2C7BB960000254F0 /* Release */ = {
			isa = XCBuildConfiguration;
			buildSettings = {
				ALWAYS_SEARCH_USER_PATHS = NO;
				ASSETCATALOG_COMPILER_GENERATE_SWIFT_ASSET_SYMBOL_EXTENSIONS = YES;
				CLANG_ANALYZER_NONNULL = YES;
				CLANG_ANALYZER_NUMBER_OBJECT_CONVERSION = YES_AGGRESSIVE;
				CLANG_CXX_LANGUAGE_STANDARD = "gnu++20";
				CLANG_ENABLE_MODULES = YES;
				CLANG_ENABLE_OBJC_ARC = YES;
				CLANG_ENABLE_OBJC_WEAK = YES;
				CLANG_WARN_BLOCK_CAPTURE_AUTORELEASING = YES;
				CLANG_WARN_BOOL_CONVERSION = YES;
				CLANG_WARN_COMMA = YES;
				CLANG_WARN_CONSTANT_CONVERSION = YES;
				CLANG_WARN_DEPRECATED_OBJC_IMPLEMENTATIONS = YES;
				CLANG_WARN_DIRECT_OBJC_ISA_USAGE = YES_ERROR;
				CLANG_WARN_DOCUMENTATION_COMMENTS = YES;
				CLANG_WARN_EMPTY_BODY = YES;
				CLANG_WARN_ENUM_CONVERSION = YES;
				CLANG_WARN_INFINITE_RECURSION = YES;
				CLANG_WARN_INT_CONVERSION = YES;
				CLANG_WARN_NON_LITERAL_NULL_CONVERSION = YES;
				CLANG_WARN_OBJC_IMPLICIT_RETAIN_SELF = YES;
				CLANG_WARN_OBJC_LITERAL_CONVERSION = YES;
				CLANG_WARN_OBJC_ROOT_CLASS = YES_ERROR;
				CLANG_WARN_QUOTED_INCLUDE_IN_FRAMEWORK_HEADER = YES;
				CLANG_WARN_RANGE_LOOP_ANALYSIS = YES;
				CLANG_WARN_STRICT_PROTOTYPES = YES;
				CLANG_WARN_SUSPICIOUS_MOVE = YES;
				CLANG_WARN_UNGUARDED_AVAILABILITY = YES_AGGRESSIVE;
				CLANG_WARN_UNREACHABLE_CODE = YES;
				CLANG_WARN__DUPLICATE_METHOD_MATCH = YES;
				COPY_PHASE_STRIP = NO;
				DEBUG_INFORMATION_FORMAT = "dwarf-with-dsym";
				ENABLE_NS_ASSERTIONS = NO;
				ENABLE_STRICT_OBJC_MSGSEND = YES;
				ENABLE_USER_SCRIPT_SANDBOXING = YES;
				GCC_C_LANGUAGE_STANDARD = gnu17;
				GCC_NO_COMMON_BLOCKS = YES;
				GCC_WARN_64_TO_32_BIT_CONVERSION = YES;
				GCC_WARN_ABOUT_RETURN_TYPE = YES_ERROR;
				GCC_WARN_UNDECLARED_SELECTOR = YES;
				GCC_WARN_UNINITIALIZED_AUTOS = YES_AGGRESSIVE;
				GCC_WARN_UNUSED_FUNCTION = YES;
				GCC_WARN_UNUSED_VARIABLE = YES;
				IPHONEOS_DEPLOYMENT_TARGET = 17.5;
				LOCALIZATION_PREFERS_STRING_CATALOGS = YES;
				MTL_ENABLE_DEBUG_INFO = NO;
				MTL_FAST_MATH = YES;
				SDKROOT = iphoneos;
				SWIFT_COMPILATION_MODE = wholemodule;
				VALIDATE_PRODUCT = YES;
			};
			name = Release;
		};
		169ED7BC2C7BB960000254F0 /* Debug */ = {
			isa = XCBuildConfiguration;
			buildSettings = {
				ASSETCATALOG_COMPILER_APPICON_NAME = AppIcon;
				ASSETCATALOG_COMPILER_GLOBAL_ACCENT_COLOR_NAME = AccentColor;
				CODE_SIGN_STYLE = Automatic;
				CURRENT_PROJECT_VERSION = 1;
				DEVELOPMENT_ASSET_PATHS = "\"SnapTalk/Preview Content\"";
				ENABLE_PREVIEWS = YES;
				GENERATE_INFOPLIST_FILE = YES;
				INFOPLIST_KEY_UIApplicationSceneManifest_Generation = YES;
				INFOPLIST_KEY_UIApplicationSupportsIndirectInputEvents = YES;
				INFOPLIST_KEY_UILaunchScreen_Generation = YES;
				INFOPLIST_KEY_UISupportedInterfaceOrientations_iPad = "UIInterfaceOrientationPortrait UIInterfaceOrientationPortraitUpsideDown UIInterfaceOrientationLandscapeLeft UIInterfaceOrientationLandscapeRight";
				INFOPLIST_KEY_UISupportedInterfaceOrientations_iPhone = "UIInterfaceOrientationPortrait UIInterfaceOrientationLandscapeLeft UIInterfaceOrientationLandscapeRight";
				LD_RUNPATH_SEARCH_PATHS = (
					"$(inherited)",
					"@executable_path/Frameworks",
				);
				MARKETING_VERSION = 1.0;
				PRODUCT_BUNDLE_IDENTIFIER = rohitpatil.SnapTalk;
				PRODUCT_NAME = "$(TARGET_NAME)";
				SWIFT_EMIT_LOC_STRINGS = YES;
				SWIFT_VERSION = 5.0;
				TARGETED_DEVICE_FAMILY = "1,2";
			};
			name = Debug;
		};
		169ED7BD2C7BB960000254F0 /* Release */ = {
			isa = XCBuildConfiguration;
			buildSettings = {
				ASSETCATALOG_COMPILER_APPICON_NAME = AppIcon;
				ASSETCATALOG_COMPILER_GLOBAL_ACCENT_COLOR_NAME = AccentColor;
				CODE_SIGN_STYLE = Automatic;
				CURRENT_PROJECT_VERSION = 1;
				DEVELOPMENT_ASSET_PATHS = "\"SnapTalk/Preview Content\"";
				ENABLE_PREVIEWS = YES;
				GENERATE_INFOPLIST_FILE = YES;
				INFOPLIST_KEY_UIApplicationSceneManifest_Generation = YES;
				INFOPLIST_KEY_UIApplicationSupportsIndirectInputEvents = YES;
				INFOPLIST_KEY_UILaunchScreen_Generation = YES;
				INFOPLIST_KEY_UISupportedInterfaceOrientations_iPad = "UIInterfaceOrientationPortrait UIInterfaceOrientationPortraitUpsideDown UIInterfaceOrientationLandscapeLeft UIInterfaceOrientationLandscapeRight";
				INFOPLIST_KEY_UISupportedInterfaceOrientations_iPhone = "UIInterfaceOrientationPortrait UIInterfaceOrientationLandscapeLeft UIInterfaceOrientationLandscapeRight";
				LD_RUNPATH_SEARCH_PATHS = (
					"$(inherited)",
					"@executable_path/Frameworks",
				);
				MARKETING_VERSION = 1.0;
				PRODUCT_BUNDLE_IDENTIFIER = rohitpatil.SnapTalk;
				PRODUCT_NAME = "$(TARGET_NAME)";
				SWIFT_EMIT_LOC_STRINGS = YES;
				SWIFT_VERSION = 5.0;
				TARGETED_DEVICE_FAMILY = "1,2";
			};
			name = Release;
		};
		169ED7BF2C7BB960000254F0 /* Debug */ = {
			isa = XCBuildConfiguration;
			buildSettings = {
				ALWAYS_EMBED_SWIFT_STANDARD_LIBRARIES = YES;
				BUNDLE_LOADER = "$(TEST_HOST)";
				CODE_SIGN_STYLE = Automatic;
				CURRENT_PROJECT_VERSION = 1;
				GENERATE_INFOPLIST_FILE = YES;
				IPHONEOS_DEPLOYMENT_TARGET = 17.5;
				MARKETING_VERSION = 1.0;
				PRODUCT_BUNDLE_IDENTIFIER = rohitpatil.SnapTalkTests;
				PRODUCT_NAME = "$(TARGET_NAME)";
				SWIFT_EMIT_LOC_STRINGS = NO;
				SWIFT_VERSION = 5.0;
				TARGETED_DEVICE_FAMILY = "1,2";
				TEST_HOST = "$(BUILT_PRODUCTS_DIR)/SnapTalk.app/$(BUNDLE_EXECUTABLE_FOLDER_PATH)/SnapTalk";
			};
			name = Debug;
		};
		169ED7C02C7BB960000254F0 /* Release */ = {
			isa = XCBuildConfiguration;
			buildSettings = {
				ALWAYS_EMBED_SWIFT_STANDARD_LIBRARIES = YES;
				BUNDLE_LOADER = "$(TEST_HOST)";
				CODE_SIGN_STYLE = Automatic;
				CURRENT_PROJECT_VERSION = 1;
				GENERATE_INFOPLIST_FILE = YES;
				IPHONEOS_DEPLOYMENT_TARGET = 17.5;
				MARKETING_VERSION = 1.0;
				PRODUCT_BUNDLE_IDENTIFIER = rohitpatil.SnapTalkTests;
				PRODUCT_NAME = "$(TARGET_NAME)";
				SWIFT_EMIT_LOC_STRINGS = NO;
				SWIFT_VERSION = 5.0;
				TARGETED_DEVICE_FAMILY = "1,2";
				TEST_HOST = "$(BUILT_PRODUCTS_DIR)/SnapTalk.app/$(BUNDLE_EXECUTABLE_FOLDER_PATH)/SnapTalk";
			};
			name = Release;
		};
		169ED7C22C7BB960000254F0 /* Debug */ = {
			isa = XCBuildConfiguration;
			buildSettings = {
				ALWAYS_EMBED_SWIFT_STANDARD_LIBRARIES = YES;
				CODE_SIGN_STYLE = Automatic;
				CURRENT_PROJECT_VERSION = 1;
				GENERATE_INFOPLIST_FILE = YES;
				MARKETING_VERSION = 1.0;
				PRODUCT_BUNDLE_IDENTIFIER = rohitpatil.SnapTalkUITests;
				PRODUCT_NAME = "$(TARGET_NAME)";
				SWIFT_EMIT_LOC_STRINGS = NO;
				SWIFT_VERSION = 5.0;
				TARGETED_DEVICE_FAMILY = "1,2";
				TEST_TARGET_NAME = SnapTalk;
			};
			name = Debug;
		};
		169ED7C32C7BB960000254F0 /* Release */ = {
			isa = XCBuildConfiguration;
			buildSettings = {
				ALWAYS_EMBED_SWIFT_STANDARD_LIBRARIES = YES;
				CODE_SIGN_STYLE = Automatic;
				CURRENT_PROJECT_VERSION = 1;
				GENERATE_INFOPLIST_FILE = YES;
				MARKETING_VERSION = 1.0;
				PRODUCT_BUNDLE_IDENTIFIER = rohitpatil.SnapTalkUITests;
				PRODUCT_NAME = "$(TARGET_NAME)";
				SWIFT_EMIT_LOC_STRINGS = NO;
				SWIFT_VERSION = 5.0;
				TARGETED_DEVICE_FAMILY = "1,2";
				TEST_TARGET_NAME = SnapTalk;
			};
			name = Release;
		};
/* End XCBuildConfiguration section */

/* Begin XCConfigurationList section */
		169ED7922C7BB95F000254F0 /* Build configuration list for PBXProject "SnapTalk" */ = {
			isa = XCConfigurationList;
			buildConfigurations = (
				169ED7B92C7BB960000254F0 /* Debug */,
				169ED7BA2C7BB960000254F0 /* Release */,
			);
			defaultConfigurationIsVisible = 0;
			defaultConfigurationName = Release;
		};
		169ED7BB2C7BB960000254F0 /* Build configuration list for PBXNativeTarget "SnapTalk" */ = {
			isa = XCConfigurationList;
			buildConfigurations = (
				169ED7BC2C7BB960000254F0 /* Debug */,
				169ED7BD2C7BB960000254F0 /* Release */,
			);
			defaultConfigurationIsVisible = 0;
			defaultConfigurationName = Release;
		};
		169ED7BE2C7BB960000254F0 /* Build configuration list for PBXNativeTarget "SnapTalkTests" */ = {
			isa = XCConfigurationList;
			buildConfigurations = (
				169ED7BF2C7BB960000254F0 /* Debug */,
				169ED7C02C7BB960000254F0 /* Release */,
			);
			defaultConfigurationIsVisible = 0;
			defaultConfigurationName = Release;
		};
		169ED7C12C7BB960000254F0 /* Build configuration list for PBXNativeTarget "SnapTalkUITests" */ = {
			isa = XCConfigurationList;
			buildConfigurations = (
				169ED7C22C7BB960000254F0 /* Debug */,
				169ED7C32C7BB960000254F0 /* Release */,
			);
			defaultConfigurationIsVisible = 0;
			defaultConfigurationName = Release;
		};
/* End XCConfigurationList section */
	};
	rootObject = 169ED78F2C7BB95F000254F0 /* Project object */;
}
