// !$*UTF8*$!
{
	archiveVersion = 1;
	classes = {
	};
	objectVersion = 56;
	objects = {

/* Begin PBXBuildFile section */
		169ED79B2C7BB95F000254F0 /* SnapTalkApp.swift in Sources */ = {isa = PBXBuildFile; fileRef = 169ED79A2C7BB95F000254F0 /* SnapTalkApp.swift */; };
		169ED79F2C7BB960000254F0 /* Assets.xcassets in Resources */ = {isa = PBXBuildFile; fileRef = 169ED79E2C7BB960000254F0 /* Assets.xcassets */; };
		169ED7A22C7BB960000254F0 /* Preview Assets.xcassets in Resources */ = {isa = PBXBuildFile; fileRef = 169ED7A12C7BB960000254F0 /* Preview Assets.xcassets */; };
		169ED7AC2C7BB960000254F0 /* SnapTalkTests.swift in Sources */ = {isa = PBXBuildFile; fileRef = 169ED7AB2C7BB960000254F0 /* SnapTalkTests.swift */; };
		169ED7B62C7BB960000254F0 /* SnapTalkUITests.swift in Sources */ = {isa = PBXBuildFile; fileRef = 169ED7B52C7BB960000254F0 /* SnapTalkUITests.swift */; };
		169ED7B82C7BB960000254F0 /* SnapTalkUITestsLaunchTests.swift in Sources */ = {isa = PBXBuildFile; fileRef = 169ED7B72C7BB960000254F0 /* SnapTalkUITestsLaunchTests.swift */; };
		169ED7C52C7BBC17000254F0 /* MainTabView.swift in Sources */ = {isa = PBXBuildFile; fileRef = 169ED7C42C7BBC17000254F0 /* MainTabView.swift */; };
		169ED7C92C7BC65B000254F0 /* UpdatesTabScreen.swift in Sources */ = {isa = PBXBuildFile; fileRef = 169ED7C82C7BC65B000254F0 /* UpdatesTabScreen.swift */; };
		169ED7CB2C7C4BC7000254F0 /* CallsTabScreen.swift in Sources */ = {isa = PBXBuildFile; fileRef = 169ED7CA2C7C4BC7000254F0 /* CallsTabScreen.swift */; };
		169ED7D62C7C526A000254F0 /* CommunityTabScreen.swift in Sources */ = {isa = PBXBuildFile; fileRef = 169ED7D52C7C526A000254F0 /* CommunityTabScreen.swift */; };
		169ED7D92C7C54F3000254F0 /* ChannelTabScreen.swift in Sources */ = {isa = PBXBuildFile; fileRef = 169ED7D82C7C54F3000254F0 /* ChannelTabScreen.swift */; };
		169ED7DB2C7C5865000254F0 /* ChannelItemView.swift in Sources */ = {isa = PBXBuildFile; fileRef = 169ED7DA2C7C5865000254F0 /* ChannelItemView.swift */; };
		169ED7DE2C7C5CA6000254F0 /* SettingsTabScreen.swift in Sources */ = {isa = PBXBuildFile; fileRef = 169ED7DD2C7C5CA6000254F0 /* SettingsTabScreen.swift */; };
		169ED7E02C7C5CFA000254F0 /* SettingsItemView.swift in Sources */ = {isa = PBXBuildFile; fileRef = 169ED7DF2C7C5CFA000254F0 /* SettingsItemView.swift */; };
		169ED7E32C7C5D9E000254F0 /* SettingsItem.swift in Sources */ = {isa = PBXBuildFile; fileRef = 169ED7E22C7C5D9E000254F0 /* SettingsItem.swift */; };
		169ED7E72C7C671B000254F0 /* ChatRoomScreen.swift in Sources */ = {isa = PBXBuildFile; fileRef = 169ED7E62C7C671B000254F0 /* ChatRoomScreen.swift */; };
		169ED7E92C7C68AC000254F0 /* TextInputArea.swift in Sources */ = {isa = PBXBuildFile; fileRef = 169ED7E82C7C68AC000254F0 /* TextInputArea.swift */; };
		169ED7EB2C7C6FD4000254F0 /* MessageListController.swift in Sources */ = {isa = PBXBuildFile; fileRef = 169ED7EA2C7C6FD4000254F0 /* MessageListController.swift */; };
		169ED7ED2C7C7333000254F0 /* MessageListView.swift in Sources */ = {isa = PBXBuildFile; fileRef = 169ED7EC2C7C7333000254F0 /* MessageListView.swift */; };
		169ED7F02C7C9B01000254F0 /* MessageItem.swift in Sources */ = {isa = PBXBuildFile; fileRef = 169ED7EF2C7C9B01000254F0 /* MessageItem.swift */; };
		169ED7F22C7C9B9C000254F0 /* BubbleTextView.swift in Sources */ = {isa = PBXBuildFile; fileRef = 169ED7F12C7C9B9C000254F0 /* BubbleTextView.swift */; };
		169ED7F42C7C9C3D000254F0 /* BubbleTailView.swift in Sources */ = {isa = PBXBuildFile; fileRef = 169ED7F32C7C9C3D000254F0 /* BubbleTailView.swift */; };
		169ED7F72C7C9D8A000254F0 /* CustomModifiers.swift in Sources */ = {isa = PBXBuildFile; fileRef = 169ED7F62C7C9D8A000254F0 /* CustomModifiers.swift */; };
		169ED7F92C7CA602000254F0 /* BubbleImageView.swift in Sources */ = {isa = PBXBuildFile; fileRef = 169ED7F82C7CA602000254F0 /* BubbleImageView.swift */; };
		169ED7FB2C7CAE9A000254F0 /* BubbleAudioView.swift in Sources */ = {isa = PBXBuildFile; fileRef = 169ED7FA2C7CAE9A000254F0 /* BubbleAudioView.swift */; };
		169ED7FE2C7CB436000254F0 /* FirebaseAuth in Frameworks */ = {isa = PBXBuildFile; productRef = 169ED7FD2C7CB436000254F0 /* FirebaseAuth */; };
		169ED8002C7CB436000254F0 /* FirebaseDatabase in Frameworks */ = {isa = PBXBuildFile; productRef = 169ED7FF2C7CB436000254F0 /* FirebaseDatabase */; };
		169ED8022C7CB436000254F0 /* FirebaseMessaging in Frameworks */ = {isa = PBXBuildFile; productRef = 169ED8012C7CB436000254F0 /* FirebaseMessaging */; };
		169ED8042C7CB436000254F0 /* FirebaseStorage in Frameworks */ = {isa = PBXBuildFile; productRef = 169ED8032C7CB436000254F0 /* FirebaseStorage */; };
		169ED80A2C7CBB99000254F0 /* GoogleService-Info.plist in Resources */ = {isa = PBXBuildFile; fileRef = 169ED8092C7CBB99000254F0 /* GoogleService-Info.plist */; };
		16D8E4D72C7CE3F4004554B9 /* LoginScreen.swift in Sources */ = {isa = PBXBuildFile; fileRef = 16D8E4D62C7CE3F4004554B9 /* LoginScreen.swift */; };
		16D8E4D92C7CE463004554B9 /* AuthHeaderView.swift in Sources */ = {isa = PBXBuildFile; fileRef = 16D8E4D82C7CE463004554B9 /* AuthHeaderView.swift */; };
		16D8E4DB2C7CE4F2004554B9 /* AuthTextfield.swift in Sources */ = {isa = PBXBuildFile; fileRef = 16D8E4DA2C7CE4F2004554B9 /* AuthTextfield.swift */; };
		16D8E4DD2C7CE900004554B9 /* AuthButton.swift in Sources */ = {isa = PBXBuildFile; fileRef = 16D8E4DC2C7CE900004554B9 /* AuthButton.swift */; };
		16D8E4DF2C7CECBC004554B9 /* SignUpScreen.swift in Sources */ = {isa = PBXBuildFile; fileRef = 16D8E4DE2C7CECBC004554B9 /* SignUpScreen.swift */; };
		16D8E4E22C7CF0CE004554B9 /* AuthScreenModel.swift in Sources */ = {isa = PBXBuildFile; fileRef = 16D8E4E12C7CF0CE004554B9 /* AuthScreenModel.swift */; };
/* End PBXBuildFile section */

/* Begin PBXContainerItemProxy section */
		169ED7A82C7BB960000254F0 /* PBXContainerItemProxy */ = {
			isa = PBXContainerItemProxy;
			containerPortal = 169ED78F2C7BB95F000254F0 /* Project object */;
			proxyType = 1;
			remoteGlobalIDString = 169ED7962C7BB95F000254F0;
			remoteInfo = SnapTalk;
		};
		169ED7B22C7BB960000254F0 /* PBXContainerItemProxy */ = {
			isa = PBXContainerItemProxy;
			containerPortal = 169ED78F2C7BB95F000254F0 /* Project object */;
			proxyType = 1;
			remoteGlobalIDString = 169ED7962C7BB95F000254F0;
			remoteInfo = SnapTalk;
		};
/* End PBXContainerItemProxy section */

/* Begin PBXFileReference section */
		169ED7972C7BB95F000254F0 /* SnapTalk.app */ = {isa = PBXFileReference; explicitFileType = wrapper.application; includeInIndex = 0; path = SnapTalk.app; sourceTree = BUILT_PRODUCTS_DIR; };
		169ED79A2C7BB95F000254F0 /* SnapTalkApp.swift */ = {isa = PBXFileReference; lastKnownFileType = sourcecode.swift; path = SnapTalkApp.swift; sourceTree = "<group>"; };
		169ED79E2C7BB960000254F0 /* Assets.xcassets */ = {isa = PBXFileReference; lastKnownFileType = folder.assetcatalog; path = Assets.xcassets; sourceTree = "<group>"; };
		169ED7A12C7BB960000254F0 /* Preview Assets.xcassets */ = {isa = PBXFileReference; lastKnownFileType = folder.assetcatalog; path = "Preview Assets.xcassets"; sourceTree = "<group>"; };
		169ED7A72C7BB960000254F0 /* SnapTalkTests.xctest */ = {isa = PBXFileReference; explicitFileType = wrapper.cfbundle; includeInIndex = 0; path = SnapTalkTests.xctest; sourceTree = BUILT_PRODUCTS_DIR; };
		169ED7AB2C7BB960000254F0 /* SnapTalkTests.swift */ = {isa = PBXFileReference; lastKnownFileType = sourcecode.swift; path = SnapTalkTests.swift; sourceTree = "<group>"; };
		169ED7B12C7BB960000254F0 /* SnapTalkUITests.xctest */ = {isa = PBXFileReference; explicitFileType = wrapper.cfbundle; includeInIndex = 0; path = SnapTalkUITests.xctest; sourceTree = BUILT_PRODUCTS_DIR; };
		169ED7B52C7BB960000254F0 /* SnapTalkUITests.swift */ = {isa = PBXFileReference; lastKnownFileType = sourcecode.swift; path = SnapTalkUITests.swift; sourceTree = "<group>"; };
		169ED7B72C7BB960000254F0 /* SnapTalkUITestsLaunchTests.swift */ = {isa = PBXFileReference; lastKnownFileType = sourcecode.swift; path = SnapTalkUITestsLaunchTests.swift; sourceTree = "<group>"; };
		169ED7C42C7BBC17000254F0 /* MainTabView.swift */ = {isa = PBXFileReference; lastKnownFileType = sourcecode.swift; path = MainTabView.swift; sourceTree = "<group>"; };
		169ED7C82C7BC65B000254F0 /* UpdatesTabScreen.swift */ = {isa = PBXFileReference; lastKnownFileType = sourcecode.swift; path = UpdatesTabScreen.swift; sourceTree = "<group>"; };
		169ED7CA2C7C4BC7000254F0 /* CallsTabScreen.swift */ = {isa = PBXFileReference; lastKnownFileType = sourcecode.swift; path = CallsTabScreen.swift; sourceTree = "<group>"; };
		169ED7D52C7C526A000254F0 /* CommunityTabScreen.swift */ = {isa = PBXFileReference; lastKnownFileType = sourcecode.swift; path = CommunityTabScreen.swift; sourceTree = "<group>"; };
		169ED7D82C7C54F3000254F0 /* ChannelTabScreen.swift */ = {isa = PBXFileReference; lastKnownFileType = sourcecode.swift; path = ChannelTabScreen.swift; sourceTree = "<group>"; };
		169ED7DA2C7C5865000254F0 /* ChannelItemView.swift */ = {isa = PBXFileReference; lastKnownFileType = sourcecode.swift; path = ChannelItemView.swift; sourceTree = "<group>"; };
		169ED7DD2C7C5CA6000254F0 /* SettingsTabScreen.swift */ = {isa = PBXFileReference; lastKnownFileType = sourcecode.swift; path = SettingsTabScreen.swift; sourceTree = "<group>"; };
		169ED7DF2C7C5CFA000254F0 /* SettingsItemView.swift */ = {isa = PBXFileReference; lastKnownFileType = sourcecode.swift; path = SettingsItemView.swift; sourceTree = "<group>"; };
		169ED7E22C7C5D9E000254F0 /* SettingsItem.swift */ = {isa = PBXFileReference; lastKnownFileType = sourcecode.swift; path = SettingsItem.swift; sourceTree = "<group>"; };
		169ED7E62C7C671B000254F0 /* ChatRoomScreen.swift */ = {isa = PBXFileReference; lastKnownFileType = sourcecode.swift; path = ChatRoomScreen.swift; sourceTree = "<group>"; };
		169ED7E82C7C68AC000254F0 /* TextInputArea.swift */ = {isa = PBXFileReference; lastKnownFileType = sourcecode.swift; path = TextInputArea.swift; sourceTree = "<group>"; };
		169ED7EA2C7C6FD4000254F0 /* MessageListController.swift */ = {isa = PBXFileReference; lastKnownFileType = sourcecode.swift; path = MessageListController.swift; sourceTree = "<group>"; };
		169ED7EC2C7C7333000254F0 /* MessageListView.swift */ = {isa = PBXFileReference; lastKnownFileType = sourcecode.swift; path = MessageListView.swift; sourceTree = "<group>"; };
		169ED7EF2C7C9B01000254F0 /* MessageItem.swift */ = {isa = PBXFileReference; lastKnownFileType = sourcecode.swift; path = MessageItem.swift; sourceTree = "<group>"; };
		169ED7F12C7C9B9C000254F0 /* BubbleTextView.swift */ = {isa = PBXFileReference; lastKnownFileType = sourcecode.swift; path = BubbleTextView.swift; sourceTree = "<group>"; };
		169ED7F32C7C9C3D000254F0 /* BubbleTailView.swift */ = {isa = PBXFileReference; lastKnownFileType = sourcecode.swift; path = BubbleTailView.swift; sourceTree = "<group>"; };
		169ED7F62C7C9D8A000254F0 /* CustomModifiers.swift */ = {isa = PBXFileReference; lastKnownFileType = sourcecode.swift; path = CustomModifiers.swift; sourceTree = "<group>"; };
		169ED7F82C7CA602000254F0 /* BubbleImageView.swift */ = {isa = PBXFileReference; lastKnownFileType = sourcecode.swift; path = BubbleImageView.swift; sourceTree = "<group>"; };
		169ED7FA2C7CAE9A000254F0 /* BubbleAudioView.swift */ = {isa = PBXFileReference; lastKnownFileType = sourcecode.swift; path = BubbleAudioView.swift; sourceTree = "<group>"; };
		169ED8092C7CBB99000254F0 /* GoogleService-Info.plist */ = {isa = PBXFileReference; fileEncoding = 4; lastKnownFileType = text.plist.xml; path = "GoogleService-Info.plist"; sourceTree = "<group>"; };
		16D8E4D62C7CE3F4004554B9 /* LoginScreen.swift */ = {isa = PBXFileReference; lastKnownFileType = sourcecode.swift; path = LoginScreen.swift; sourceTree = "<group>"; };
		16D8E4D82C7CE463004554B9 /* AuthHeaderView.swift */ = {isa = PBXFileReference; lastKnownFileType = sourcecode.swift; path = AuthHeaderView.swift; sourceTree = "<group>"; };
		16D8E4DA2C7CE4F2004554B9 /* AuthTextfield.swift */ = {isa = PBXFileReference; lastKnownFileType = sourcecode.swift; path = AuthTextfield.swift; sourceTree = "<group>"; };
		16D8E4DC2C7CE900004554B9 /* AuthButton.swift */ = {isa = PBXFileReference; lastKnownFileType = sourcecode.swift; path = AuthButton.swift; sourceTree = "<group>"; };
		16D8E4DE2C7CECBC004554B9 /* SignUpScreen.swift */ = {isa = PBXFileReference; lastKnownFileType = sourcecode.swift; path = SignUpScreen.swift; sourceTree = "<group>"; };
		16D8E4E12C7CF0CE004554B9 /* AuthScreenModel.swift */ = {isa = PBXFileReference; lastKnownFileType = sourcecode.swift; path = AuthScreenModel.swift; sourceTree = "<group>"; };
/* End PBXFileReference section */

/* Begin PBXFrameworksBuildPhase section */
		169ED7942C7BB95F000254F0 /* Frameworks */ = {
			isa = PBXFrameworksBuildPhase;
			buildActionMask = 2147483647;
			files = (
				169ED8022C7CB436000254F0 /* FirebaseMessaging in Frameworks */,
				169ED8042C7CB436000254F0 /* FirebaseStorage in Frameworks */,
				169ED8002C7CB436000254F0 /* FirebaseDatabase in Frameworks */,
				169ED7FE2C7CB436000254F0 /* FirebaseAuth in Frameworks */,
			);
			runOnlyForDeploymentPostprocessing = 0;
		};
		169ED7A42C7BB960000254F0 /* Frameworks */ = {
			isa = PBXFrameworksBuildPhase;
			buildActionMask = 2147483647;
			files = (
			);
			runOnlyForDeploymentPostprocessing = 0;
		};
		169ED7AE2C7BB960000254F0 /* Frameworks */ = {
			isa = PBXFrameworksBuildPhase;
			buildActionMask = 2147483647;
			files = (
			);
			runOnlyForDeploymentPostprocessing = 0;
		};
/* End PBXFrameworksBuildPhase section */

/* Begin PBXGroup section */
		169ED78E2C7BB95F000254F0 = {
			isa = PBXGroup;
			children = (
				169ED7992C7BB95F000254F0 /* SnapTalk */,
				169ED7AA2C7BB960000254F0 /* SnapTalkTests */,
				169ED7B42C7BB960000254F0 /* SnapTalkUITests */,
				169ED7982C7BB95F000254F0 /* Products */,
			);
			sourceTree = "<group>";
		};
		169ED7982C7BB95F000254F0 /* Products */ = {
			isa = PBXGroup;
			children = (
				169ED7972C7BB95F000254F0 /* SnapTalk.app */,
				169ED7A72C7BB960000254F0 /* SnapTalkTests.xctest */,
				169ED7B12C7BB960000254F0 /* SnapTalkUITests.xctest */,
			);
			name = Products;
			sourceTree = "<group>";
		};
		169ED7992C7BB95F000254F0 /* SnapTalk */ = {
			isa = PBXGroup;
			children = (
				169ED7F52C7C9D5B000254F0 /* Helpers */,
				169ED7CC2C7C51EC000254F0 /* Screens */,
				169ED7C42C7BBC17000254F0 /* MainTabView.swift */,
				169ED8092C7CBB99000254F0 /* GoogleService-Info.plist */,
				169ED79A2C7BB95F000254F0 /* SnapTalkApp.swift */,
				169ED79E2C7BB960000254F0 /* Assets.xcassets */,
				169ED7A02C7BB960000254F0 /* Preview Content */,
			);
			path = SnapTalk;
			sourceTree = "<group>";
		};
		169ED7A02C7BB960000254F0 /* Preview Content */ = {
			isa = PBXGroup;
			children = (
				169ED7A12C7BB960000254F0 /* Preview Assets.xcassets */,
			);
			path = "Preview Content";
			sourceTree = "<group>";
		};
		169ED7AA2C7BB960000254F0 /* SnapTalkTests */ = {
			isa = PBXGroup;
			children = (
				169ED7AB2C7BB960000254F0 /* SnapTalkTests.swift */,
			);
			path = SnapTalkTests;
			sourceTree = "<group>";
		};
		169ED7B42C7BB960000254F0 /* SnapTalkUITests */ = {
			isa = PBXGroup;
			children = (
				169ED7B52C7BB960000254F0 /* SnapTalkUITests.swift */,
				169ED7B72C7BB960000254F0 /* SnapTalkUITestsLaunchTests.swift */,
			);
			path = SnapTalkUITests;
			sourceTree = "<group>";
		};
		169ED7CC2C7C51EC000254F0 /* Screens */ = {
			isa = PBXGroup;
			children = (
				16D8E4D42C7CE3D5004554B9 /* Auth */,
				169ED7E42C7C6701000254F0 /* Chat */,
				169ED7D32C7C524A000254F0 /* Settings */,
				169ED7D22C7C523C000254F0 /* Channel */,
				169ED7D12C7C5233000254F0 /* Communities */,
				169ED7CE2C7C5217000254F0 /* Calls */,
				169ED7CD2C7C51FC000254F0 /* Updates */,
			);
			path = Screens;
			sourceTree = "<group>";
		};
		169ED7CD2C7C51FC000254F0 /* Updates */ = {
			isa = PBXGroup;
			children = (
				169ED7CF2C7C521F000254F0 /* Views */,
			);
			path = Updates;
			sourceTree = "<group>";
		};
		169ED7CE2C7C5217000254F0 /* Calls */ = {
			isa = PBXGroup;
			children = (
				169ED7D02C7C5229000254F0 /* Views */,
			);
			path = Calls;
			sourceTree = "<group>";
		};
		169ED7CF2C7C521F000254F0 /* Views */ = {
			isa = PBXGroup;
			children = (
				169ED7C82C7BC65B000254F0 /* UpdatesTabScreen.swift */,
			);
			path = Views;
			sourceTree = "<group>";
		};
		169ED7D02C7C5229000254F0 /* Views */ = {
			isa = PBXGroup;
			children = (
				169ED7CA2C7C4BC7000254F0 /* CallsTabScreen.swift */,
			);
			path = Views;
			sourceTree = "<group>";
		};
		169ED7D12C7C5233000254F0 /* Communities */ = {
			isa = PBXGroup;
			children = (
				169ED7D42C7C525C000254F0 /* Views */,
			);
			path = Communities;
			sourceTree = "<group>";
		};
		169ED7D22C7C523C000254F0 /* Channel */ = {
			isa = PBXGroup;
			children = (
				169ED7D72C7C54E6000254F0 /* Views */,
			);
			path = Channel;
			sourceTree = "<group>";
		};
		169ED7D32C7C524A000254F0 /* Settings */ = {
			isa = PBXGroup;
			children = (
				169ED7E12C7C5D8D000254F0 /* Models */,
				169ED7DC2C7C5C98000254F0 /* Views */,
			);
			path = Settings;
			sourceTree = "<group>";
		};
		169ED7D42C7C525C000254F0 /* Views */ = {
			isa = PBXGroup;
			children = (
				169ED7D52C7C526A000254F0 /* CommunityTabScreen.swift */,
			);
			path = Views;
			sourceTree = "<group>";
		};
		169ED7D72C7C54E6000254F0 /* Views */ = {
			isa = PBXGroup;
			children = (
				169ED7D82C7C54F3000254F0 /* ChannelTabScreen.swift */,
				169ED7DA2C7C5865000254F0 /* ChannelItemView.swift */,
			);
			path = Views;
			sourceTree = "<group>";
		};
		169ED7DC2C7C5C98000254F0 /* Views */ = {
			isa = PBXGroup;
			children = (
				169ED7DD2C7C5CA6000254F0 /* SettingsTabScreen.swift */,
				169ED7DF2C7C5CFA000254F0 /* SettingsItemView.swift */,
			);
			path = Views;
			sourceTree = "<group>";
		};
		169ED7E12C7C5D8D000254F0 /* Models */ = {
			isa = PBXGroup;
			children = (
				169ED7E22C7C5D9E000254F0 /* SettingsItem.swift */,
			);
			path = Models;
			sourceTree = "<group>";
		};
		169ED7E42C7C6701000254F0 /* Chat */ = {
			isa = PBXGroup;
			children = (
				169ED7EE2C7C9AE6000254F0 /* Models */,
				169ED7E52C7C6705000254F0 /* Views */,
			);
			path = Chat;
			sourceTree = "<group>";
		};
		169ED7E52C7C6705000254F0 /* Views */ = {
			isa = PBXGroup;
			children = (
				169ED7E62C7C671B000254F0 /* ChatRoomScreen.swift */,
				169ED7FA2C7CAE9A000254F0 /* BubbleAudioView.swift */,
				169ED7EC2C7C7333000254F0 /* MessageListView.swift */,
				169ED7E82C7C68AC000254F0 /* TextInputArea.swift */,
				169ED7EA2C7C6FD4000254F0 /* MessageListController.swift */,
				169ED7F12C7C9B9C000254F0 /* BubbleTextView.swift */,
				169ED7F32C7C9C3D000254F0 /* BubbleTailView.swift */,
				169ED7F82C7CA602000254F0 /* BubbleImageView.swift */,
			);
			path = Views;
			sourceTree = "<group>";
		};
		169ED7EE2C7C9AE6000254F0 /* Models */ = {
			isa = PBXGroup;
			children = (
				169ED7EF2C7C9B01000254F0 /* MessageItem.swift */,
			);
			path = Models;
			sourceTree = "<group>";
		};
		169ED7F52C7C9D5B000254F0 /* Helpers */ = {
			isa = PBXGroup;
			children = (
				169ED7F62C7C9D8A000254F0 /* CustomModifiers.swift */,
			);
			path = Helpers;
			sourceTree = "<group>";
		};
		16D8E4D42C7CE3D5004554B9 /* Auth */ = {
			isa = PBXGroup;
			children = (
				16D8E4E02C7CF0BD004554B9 /* ViewModels */,
				16D8E4D52C7CE3E5004554B9 /* Views */,
			);
			path = Auth;
			sourceTree = "<group>";
		};
		16D8E4D52C7CE3E5004554B9 /* Views */ = {
			isa = PBXGroup;
			children = (
				16D8E4D62C7CE3F4004554B9 /* LoginScreen.swift */,
				16D8E4DE2C7CECBC004554B9 /* SignUpScreen.swift */,
				16D8E4DC2C7CE900004554B9 /* AuthButton.swift */,
				16D8E4DA2C7CE4F2004554B9 /* AuthTextfield.swift */,
				16D8E4D82C7CE463004554B9 /* AuthHeaderView.swift */,
			);
			path = Views;
			sourceTree = "<group>";
		};
		16D8E4E02C7CF0BD004554B9 /* ViewModels */ = {
			isa = PBXGroup;
			children = (
				16D8E4E12C7CF0CE004554B9 /* AuthScreenModel.swift */,
			);
			path = ViewModels;
			sourceTree = "<group>";
		};
/* End PBXGroup section */

/* Begin PBXNativeTarget section */
		169ED7962C7BB95F000254F0 /* SnapTalk */ = {
			isa = PBXNativeTarget;
			buildConfigurationList = 169ED7BB2C7BB960000254F0 /* Build configuration list for PBXNativeTarget "SnapTalk" */;
			buildPhases = (
				169ED7932C7BB95F000254F0 /* Sources */,
				169ED7942C7BB95F000254F0 /* Frameworks */,
				169ED7952C7BB95F000254F0 /* Resources */,
			);
			buildRules = (
			);
			dependencies = (
			);
			name = SnapTalk;
			packageProductDependencies = (
				169ED7FD2C7CB436000254F0 /* FirebaseAuth */,
				169ED7FF2C7CB436000254F0 /* FirebaseDatabase */,
				169ED8012C7CB436000254F0 /* FirebaseMessaging */,
				169ED8032C7CB436000254F0 /* FirebaseStorage */,
			);
			productName = SnapTalk;
			productReference = 169ED7972C7BB95F000254F0 /* SnapTalk.app */;
			productType = "com.apple.product-type.application";
		};
		169ED7A62C7BB960000254F0 /* SnapTalkTests */ = {
			isa = PBXNativeTarget;
			buildConfigurationList = 169ED7BE2C7BB960000254F0 /* Build configuration list for PBXNativeTarget "SnapTalkTests" */;
			buildPhases = (
				169ED7A32C7BB960000254F0 /* Sources */,
				169ED7A42C7BB960000254F0 /* Frameworks */,
				169ED7A52C7BB960000254F0 /* Resources */,
			);
			buildRules = (
			);
			dependencies = (
				169ED7A92C7BB960000254F0 /* PBXTargetDependency */,
			);
			name = SnapTalkTests;
			productName = SnapTalkTests;
			productReference = 169ED7A72C7BB960000254F0 /* SnapTalkTests.xctest */;
			productType = "com.apple.product-type.bundle.unit-test";
		};
		169ED7B02C7BB960000254F0 /* SnapTalkUITests */ = {
			isa = PBXNativeTarget;
			buildConfigurationList = 169ED7C12C7BB960000254F0 /* Build configuration list for PBXNativeTarget "SnapTalkUITests" */;
			buildPhases = (
				169ED7AD2C7BB960000254F0 /* Sources */,
				169ED7AE2C7BB960000254F0 /* Frameworks */,
				169ED7AF2C7BB960000254F0 /* Resources */,
			);
			buildRules = (
			);
			dependencies = (
				169ED7B32C7BB960000254F0 /* PBXTargetDependency */,
			);
			name = SnapTalkUITests;
			productName = SnapTalkUITests;
			productReference = 169ED7B12C7BB960000254F0 /* SnapTalkUITests.xctest */;
			productType = "com.apple.product-type.bundle.ui-testing";
		};
/* End PBXNativeTarget section */

/* Begin PBXProject section */
		169ED78F2C7BB95F000254F0 /* Project object */ = {
			isa = PBXProject;
			attributes = {
				BuildIndependentTargetsInParallel = 1;
				LastSwiftUpdateCheck = 1540;
				LastUpgradeCheck = 1540;
				TargetAttributes = {
					169ED7962C7BB95F000254F0 = {
						CreatedOnToolsVersion = 15.4;
					};
					169ED7A62C7BB960000254F0 = {
						CreatedOnToolsVersion = 15.4;
						TestTargetID = 169ED7962C7BB95F000254F0;
					};
					169ED7B02C7BB960000254F0 = {
						CreatedOnToolsVersion = 15.4;
						TestTargetID = 169ED7962C7BB95F000254F0;
					};
				};
			};
			buildConfigurationList = 169ED7922C7BB95F000254F0 /* Build configuration list for PBXProject "SnapTalk" */;
			compatibilityVersion = "Xcode 14.0";
			developmentRegion = en;
			hasScannedForEncodings = 0;
			knownRegions = (
				en,
				Base,
			);
			mainGroup = 169ED78E2C7BB95F000254F0;
			packageReferences = (
				169ED7FC2C7CB436000254F0 /* XCRemoteSwiftPackageReference "firebase-ios-sdk" */,
			);
			productRefGroup = 169ED7982C7BB95F000254F0 /* Products */;
			projectDirPath = "";
			projectRoot = "";
			targets = (
				169ED7962C7BB95F000254F0 /* SnapTalk */,
				169ED7A62C7BB960000254F0 /* SnapTalkTests */,
				169ED7B02C7BB960000254F0 /* SnapTalkUITests */,
			);
		};
/* End PBXProject section */

/* Begin PBXResourcesBuildPhase section */
		169ED7952C7BB95F000254F0 /* Resources */ = {
			isa = PBXResourcesBuildPhase;
			buildActionMask = 2147483647;
			files = (
				169ED7A22C7BB960000254F0 /* Preview Assets.xcassets in Resources */,
				169ED79F2C7BB960000254F0 /* Assets.xcassets in Resources */,
				169ED80A2C7CBB99000254F0 /* GoogleService-Info.plist in Resources */,
			);
			runOnlyForDeploymentPostprocessing = 0;
		};
		169ED7A52C7BB960000254F0 /* Resources */ = {
			isa = PBXResourcesBuildPhase;
			buildActionMask = 2147483647;
			files = (
			);
			runOnlyForDeploymentPostprocessing = 0;
		};
		169ED7AF2C7BB960000254F0 /* Resources */ = {
			isa = PBXResourcesBuildPhase;
			buildActionMask = 2147483647;
			files = (
			);
			runOnlyForDeploymentPostprocessing = 0;
		};
/* End PBXResourcesBuildPhase section */

/* Begin PBXSourcesBuildPhase section */
		169ED7932C7BB95F000254F0 /* Sources */ = {
			isa = PBXSourcesBuildPhase;
			buildActionMask = 2147483647;
			files = (
				169ED7C92C7BC65B000254F0 /* UpdatesTabScreen.swift in Sources */,
				16D8E4E22C7CF0CE004554B9 /* AuthScreenModel.swift in Sources */,
				16D8E4DD2C7CE900004554B9 /* AuthButton.swift in Sources */,
				169ED7CB2C7C4BC7000254F0 /* CallsTabScreen.swift in Sources */,
				169ED7DE2C7C5CA6000254F0 /* SettingsTabScreen.swift in Sources */,
				16D8E4D92C7CE463004554B9 /* AuthHeaderView.swift in Sources */,
				169ED7D62C7C526A000254F0 /* CommunityTabScreen.swift in Sources */,
				169ED7EB2C7C6FD4000254F0 /* MessageListController.swift in Sources */,
				169ED7E92C7C68AC000254F0 /* TextInputArea.swift in Sources */,
				16D8E4DF2C7CECBC004554B9 /* SignUpScreen.swift in Sources */,
				169ED7F42C7C9C3D000254F0 /* BubbleTailView.swift in Sources */,
				169ED7D92C7C54F3000254F0 /* ChannelTabScreen.swift in Sources */,
				169ED79B2C7BB95F000254F0 /* SnapTalkApp.swift in Sources */,
				169ED7F92C7CA602000254F0 /* BubbleImageView.swift in Sources */,
				169ED7ED2C7C7333000254F0 /* MessageListView.swift in Sources */,
				16D8E4D72C7CE3F4004554B9 /* LoginScreen.swift in Sources */,
				169ED7E72C7C671B000254F0 /* ChatRoomScreen.swift in Sources */,
				169ED7E02C7C5CFA000254F0 /* SettingsItemView.swift in Sources */,
				169ED7F22C7C9B9C000254F0 /* BubbleTextView.swift in Sources */,
				169ED7F02C7C9B01000254F0 /* MessageItem.swift in Sources */,
				169ED7DB2C7C5865000254F0 /* ChannelItemView.swift in Sources */,
				169ED7F72C7C9D8A000254F0 /* CustomModifiers.swift in Sources */,
				16D8E4DB2C7CE4F2004554B9 /* AuthTextfield.swift in Sources */,
				169ED7FB2C7CAE9A000254F0 /* BubbleAudioView.swift in Sources */,
				169ED7C52C7BBC17000254F0 /* MainTabView.swift in Sources */,
				169ED7E32C7C5D9E000254F0 /* SettingsItem.swift in Sources */,
			);
			runOnlyForDeploymentPostprocessing = 0;
		};
		169ED7A32C7BB960000254F0 /* Sources */ = {
			isa = PBXSourcesBuildPhase;
			buildActionMask = 2147483647;
			files = (
				169ED7AC2C7BB960000254F0 /* SnapTalkTests.swift in Sources */,
			);
			runOnlyForDeploymentPostprocessing = 0;
		};
		169ED7AD2C7BB960000254F0 /* Sources */ = {
			isa = PBXSourcesBuildPhase;
			buildActionMask = 2147483647;
			files = (
				169ED7B82C7BB960000254F0 /* SnapTalkUITestsLaunchTests.swift in Sources */,
				169ED7B62C7BB960000254F0 /* SnapTalkUITests.swift in Sources */,
			);
			runOnlyForDeploymentPostprocessing = 0;
		};
/* End PBXSourcesBuildPhase section */

/* Begin PBXTargetDependency section */
		169ED7A92C7BB960000254F0 /* PBXTargetDependency */ = {
			isa = PBXTargetDependency;
			target = 169ED7962C7BB95F000254F0 /* SnapTalk */;
			targetProxy = 169ED7A82C7BB960000254F0 /* PBXContainerItemProxy */;
		};
		169ED7B32C7BB960000254F0 /* PBXTargetDependency */ = {
			isa = PBXTargetDependency;
			target = 169ED7962C7BB95F000254F0 /* SnapTalk */;
			targetProxy = 169ED7B22C7BB960000254F0 /* PBXContainerItemProxy */;
		};
/* End PBXTargetDependency section */

/* Begin XCBuildConfiguration section */
		169ED7B92C7BB960000254F0 /* Debug */ = {
			isa = XCBuildConfiguration;
			buildSettings = {
				ALWAYS_SEARCH_USER_PATHS = NO;
				ASSETCATALOG_COMPILER_GENERATE_SWIFT_ASSET_SYMBOL_EXTENSIONS = YES;
				CLANG_ANALYZER_NONNULL = YES;
				CLANG_ANALYZER_NUMBER_OBJECT_CONVERSION = YES_AGGRESSIVE;
				CLANG_CXX_LANGUAGE_STANDARD = "gnu++20";
				CLANG_ENABLE_MODULES = YES;
				CLANG_ENABLE_OBJC_ARC = YES;
				CLANG_ENABLE_OBJC_WEAK = YES;
				CLANG_WARN_BLOCK_CAPTURE_AUTORELEASING = YES;
				CLANG_WARN_BOOL_CONVERSION = YES;
				CLANG_WARN_COMMA = YES;
				CLANG_WARN_CONSTANT_CONVERSION = YES;
				CLANG_WARN_DEPRECATED_OBJC_IMPLEMENTATIONS = YES;
				CLANG_WARN_DIRECT_OBJC_ISA_USAGE = YES_ERROR;
				CLANG_WARN_DOCUMENTATION_COMMENTS = YES;
				CLANG_WARN_EMPTY_BODY = YES;
				CLANG_WARN_ENUM_CONVERSION = YES;
				CLANG_WARN_INFINITE_RECURSION = YES;
				CLANG_WARN_INT_CONVERSION = YES;
				CLANG_WARN_NON_LITERAL_NULL_CONVERSION = YES;
				CLANG_WARN_OBJC_IMPLICIT_RETAIN_SELF = YES;
				CLANG_WARN_OBJC_LITERAL_CONVERSION = YES;
				CLANG_WARN_OBJC_ROOT_CLASS = YES_ERROR;
				CLANG_WARN_QUOTED_INCLUDE_IN_FRAMEWORK_HEADER = YES;
				CLANG_WARN_RANGE_LOOP_ANALYSIS = YES;
				CLANG_WARN_STRICT_PROTOTYPES = YES;
				CLANG_WARN_SUSPICIOUS_MOVE = YES;
				CLANG_WARN_UNGUARDED_AVAILABILITY = YES_AGGRESSIVE;
				CLANG_WARN_UNREACHABLE_CODE = YES;
				CLANG_WARN__DUPLICATE_METHOD_MATCH = YES;
				COPY_PHASE_STRIP = NO;
				DEBUG_INFORMATION_FORMAT = dwarf;
				ENABLE_STRICT_OBJC_MSGSEND = YES;
				ENABLE_TESTABILITY = YES;
				ENABLE_USER_SCRIPT_SANDBOXING = YES;
				GCC_C_LANGUAGE_STANDARD = gnu17;
				GCC_DYNAMIC_NO_PIC = NO;
				GCC_NO_COMMON_BLOCKS = YES;
				GCC_OPTIMIZATION_LEVEL = 0;
				GCC_PREPROCESSOR_DEFINITIONS = (
					"DEBUG=1",
					"$(inherited)",
				);
				GCC_WARN_64_TO_32_BIT_CONVERSION = YES;
				GCC_WARN_ABOUT_RETURN_TYPE = YES_ERROR;
				GCC_WARN_UNDECLARED_SELECTOR = YES;
				GCC_WARN_UNINITIALIZED_AUTOS = YES_AGGRESSIVE;
				GCC_WARN_UNUSED_FUNCTION = YES;
				GCC_WARN_UNUSED_VARIABLE = YES;
				IPHONEOS_DEPLOYMENT_TARGET = 17.5;
				LOCALIZATION_PREFERS_STRING_CATALOGS = YES;
				MTL_ENABLE_DEBUG_INFO = INCLUDE_SOURCE;
				MTL_FAST_MATH = YES;
				ONLY_ACTIVE_ARCH = YES;
				SDKROOT = iphoneos;
				SWIFT_ACTIVE_COMPILATION_CONDITIONS = "DEBUG $(inherited)";
				SWIFT_OPTIMIZATION_LEVEL = "-Onone";
			};
			name = Debug;
		};
		169ED7BA2C7BB960000254F0 /* Release */ = {
			isa = XCBuildConfiguration;
			buildSettings = {
				ALWAYS_SEARCH_USER_PATHS = NO;
				ASSETCATALOG_COMPILER_GENERATE_SWIFT_ASSET_SYMBOL_EXTENSIONS = YES;
				CLANG_ANALYZER_NONNULL = YES;
				CLANG_ANALYZER_NUMBER_OBJECT_CONVERSION = YES_AGGRESSIVE;
				CLANG_CXX_LANGUAGE_STANDARD = "gnu++20";
				CLANG_ENABLE_MODULES = YES;
				CLANG_ENABLE_OBJC_ARC = YES;
				CLANG_ENABLE_OBJC_WEAK = YES;
				CLANG_WARN_BLOCK_CAPTURE_AUTORELEASING = YES;
				CLANG_WARN_BOOL_CONVERSION = YES;
				CLANG_WARN_COMMA = YES;
				CLANG_WARN_CONSTANT_CONVERSION = YES;
				CLANG_WARN_DEPRECATED_OBJC_IMPLEMENTATIONS = YES;
				CLANG_WARN_DIRECT_OBJC_ISA_USAGE = YES_ERROR;
				CLANG_WARN_DOCUMENTATION_COMMENTS = YES;
				CLANG_WARN_EMPTY_BODY = YES;
				CLANG_WARN_ENUM_CONVERSION = YES;
				CLANG_WARN_INFINITE_RECURSION = YES;
				CLANG_WARN_INT_CONVERSION = YES;
				CLANG_WARN_NON_LITERAL_NULL_CONVERSION = YES;
				CLANG_WARN_OBJC_IMPLICIT_RETAIN_SELF = YES;
				CLANG_WARN_OBJC_LITERAL_CONVERSION = YES;
				CLANG_WARN_OBJC_ROOT_CLASS = YES_ERROR;
				CLANG_WARN_QUOTED_INCLUDE_IN_FRAMEWORK_HEADER = YES;
				CLANG_WARN_RANGE_LOOP_ANALYSIS = YES;
				CLANG_WARN_STRICT_PROTOTYPES = YES;
				CLANG_WARN_SUSPICIOUS_MOVE = YES;
				CLANG_WARN_UNGUARDED_AVAILABILITY = YES_AGGRESSIVE;
				CLANG_WARN_UNREACHABLE_CODE = YES;
				CLANG_WARN__DUPLICATE_METHOD_MATCH = YES;
				COPY_PHASE_STRIP = NO;
				DEBUG_INFORMATION_FORMAT = "dwarf-with-dsym";
				ENABLE_NS_ASSERTIONS = NO;
				ENABLE_STRICT_OBJC_MSGSEND = YES;
				ENABLE_USER_SCRIPT_SANDBOXING = YES;
				GCC_C_LANGUAGE_STANDARD = gnu17;
				GCC_NO_COMMON_BLOCKS = YES;
				GCC_WARN_64_TO_32_BIT_CONVERSION = YES;
				GCC_WARN_ABOUT_RETURN_TYPE = YES_ERROR;
				GCC_WARN_UNDECLARED_SELECTOR = YES;
				GCC_WARN_UNINITIALIZED_AUTOS = YES_AGGRESSIVE;
				GCC_WARN_UNUSED_FUNCTION = YES;
				GCC_WARN_UNUSED_VARIABLE = YES;
				IPHONEOS_DEPLOYMENT_TARGET = 17.5;
				LOCALIZATION_PREFERS_STRING_CATALOGS = YES;
				MTL_ENABLE_DEBUG_INFO = NO;
				MTL_FAST_MATH = YES;
				SDKROOT = iphoneos;
				SWIFT_COMPILATION_MODE = wholemodule;
				VALIDATE_PRODUCT = YES;
			};
			name = Release;
		};
		169ED7BC2C7BB960000254F0 /* Debug */ = {
			isa = XCBuildConfiguration;
			buildSettings = {
				ASSETCATALOG_COMPILER_APPICON_NAME = AppIcon;
				ASSETCATALOG_COMPILER_GLOBAL_ACCENT_COLOR_NAME = AccentColor;
				CODE_SIGN_STYLE = Automatic;
				CURRENT_PROJECT_VERSION = 1;
				DEVELOPMENT_ASSET_PATHS = "\"SnapTalk/Preview Content\"";
				ENABLE_PREVIEWS = YES;
				GENERATE_INFOPLIST_FILE = YES;
				INFOPLIST_KEY_UIApplicationSceneManifest_Generation = YES;
				INFOPLIST_KEY_UIApplicationSupportsIndirectInputEvents = YES;
				INFOPLIST_KEY_UILaunchScreen_Generation = YES;
				INFOPLIST_KEY_UISupportedInterfaceOrientations_iPad = "UIInterfaceOrientationPortrait UIInterfaceOrientationPortraitUpsideDown UIInterfaceOrientationLandscapeLeft UIInterfaceOrientationLandscapeRight";
				INFOPLIST_KEY_UISupportedInterfaceOrientations_iPhone = "UIInterfaceOrientationPortrait UIInterfaceOrientationLandscapeLeft UIInterfaceOrientationLandscapeRight";
				LD_RUNPATH_SEARCH_PATHS = (
					"$(inherited)",
					"@executable_path/Frameworks",
				);
				MARKETING_VERSION = 1.0;
				PRODUCT_BUNDLE_IDENTIFIER = rohitpatil.SnapTalk;
				PRODUCT_NAME = "$(TARGET_NAME)";
				SWIFT_EMIT_LOC_STRINGS = YES;
				SWIFT_VERSION = 5.0;
				TARGETED_DEVICE_FAMILY = "1,2";
			};
			name = Debug;
		};
		169ED7BD2C7BB960000254F0 /* Release */ = {
			isa = XCBuildConfiguration;
			buildSettings = {
				ASSETCATALOG_COMPILER_APPICON_NAME = AppIcon;
				ASSETCATALOG_COMPILER_GLOBAL_ACCENT_COLOR_NAME = AccentColor;
				CODE_SIGN_STYLE = Automatic;
				CURRENT_PROJECT_VERSION = 1;
				DEVELOPMENT_ASSET_PATHS = "\"SnapTalk/Preview Content\"";
				ENABLE_PREVIEWS = YES;
				GENERATE_INFOPLIST_FILE = YES;
				INFOPLIST_KEY_UIApplicationSceneManifest_Generation = YES;
				INFOPLIST_KEY_UIApplicationSupportsIndirectInputEvents = YES;
				INFOPLIST_KEY_UILaunchScreen_Generation = YES;
				INFOPLIST_KEY_UISupportedInterfaceOrientations_iPad = "UIInterfaceOrientationPortrait UIInterfaceOrientationPortraitUpsideDown UIInterfaceOrientationLandscapeLeft UIInterfaceOrientationLandscapeRight";
				INFOPLIST_KEY_UISupportedInterfaceOrientations_iPhone = "UIInterfaceOrientationPortrait UIInterfaceOrientationLandscapeLeft UIInterfaceOrientationLandscapeRight";
				LD_RUNPATH_SEARCH_PATHS = (
					"$(inherited)",
					"@executable_path/Frameworks",
				);
				MARKETING_VERSION = 1.0;
				PRODUCT_BUNDLE_IDENTIFIER = rohitpatil.SnapTalk;
				PRODUCT_NAME = "$(TARGET_NAME)";
				SWIFT_EMIT_LOC_STRINGS = YES;
				SWIFT_VERSION = 5.0;
				TARGETED_DEVICE_FAMILY = "1,2";
			};
			name = Release;
		};
		169ED7BF2C7BB960000254F0 /* Debug */ = {
			isa = XCBuildConfiguration;
			buildSettings = {
				ALWAYS_EMBED_SWIFT_STANDARD_LIBRARIES = YES;
				BUNDLE_LOADER = "$(TEST_HOST)";
				CODE_SIGN_STYLE = Automatic;
				CURRENT_PROJECT_VERSION = 1;
				GENERATE_INFOPLIST_FILE = YES;
				IPHONEOS_DEPLOYMENT_TARGET = 17.5;
				MARKETING_VERSION = 1.0;
				PRODUCT_BUNDLE_IDENTIFIER = rohitpatil.SnapTalkTests;
				PRODUCT_NAME = "$(TARGET_NAME)";
				SWIFT_EMIT_LOC_STRINGS = NO;
				SWIFT_VERSION = 5.0;
				TARGETED_DEVICE_FAMILY = "1,2";
				TEST_HOST = "$(BUILT_PRODUCTS_DIR)/SnapTalk.app/$(BUNDLE_EXECUTABLE_FOLDER_PATH)/SnapTalk";
			};
			name = Debug;
		};
		169ED7C02C7BB960000254F0 /* Release */ = {
			isa = XCBuildConfiguration;
			buildSettings = {
				ALWAYS_EMBED_SWIFT_STANDARD_LIBRARIES = YES;
				BUNDLE_LOADER = "$(TEST_HOST)";
				CODE_SIGN_STYLE = Automatic;
				CURRENT_PROJECT_VERSION = 1;
				GENERATE_INFOPLIST_FILE = YES;
				IPHONEOS_DEPLOYMENT_TARGET = 17.5;
				MARKETING_VERSION = 1.0;
				PRODUCT_BUNDLE_IDENTIFIER = rohitpatil.SnapTalkTests;
				PRODUCT_NAME = "$(TARGET_NAME)";
				SWIFT_EMIT_LOC_STRINGS = NO;
				SWIFT_VERSION = 5.0;
				TARGETED_DEVICE_FAMILY = "1,2";
				TEST_HOST = "$(BUILT_PRODUCTS_DIR)/SnapTalk.app/$(BUNDLE_EXECUTABLE_FOLDER_PATH)/SnapTalk";
			};
			name = Release;
		};
		169ED7C22C7BB960000254F0 /* Debug */ = {
			isa = XCBuildConfiguration;
			buildSettings = {
				ALWAYS_EMBED_SWIFT_STANDARD_LIBRARIES = YES;
				CODE_SIGN_STYLE = Automatic;
				CURRENT_PROJECT_VERSION = 1;
				GENERATE_INFOPLIST_FILE = YES;
				MARKETING_VERSION = 1.0;
				PRODUCT_BUNDLE_IDENTIFIER = rohitpatil.SnapTalkUITests;
				PRODUCT_NAME = "$(TARGET_NAME)";
				SWIFT_EMIT_LOC_STRINGS = NO;
				SWIFT_VERSION = 5.0;
				TARGETED_DEVICE_FAMILY = "1,2";
				TEST_TARGET_NAME = SnapTalk;
			};
			name = Debug;
		};
		169ED7C32C7BB960000254F0 /* Release */ = {
			isa = XCBuildConfiguration;
			buildSettings = {
				ALWAYS_EMBED_SWIFT_STANDARD_LIBRARIES = YES;
				CODE_SIGN_STYLE = Automatic;
				CURRENT_PROJECT_VERSION = 1;
				GENERATE_INFOPLIST_FILE = YES;
				MARKETING_VERSION = 1.0;
				PRODUCT_BUNDLE_IDENTIFIER = rohitpatil.SnapTalkUITests;
				PRODUCT_NAME = "$(TARGET_NAME)";
				SWIFT_EMIT_LOC_STRINGS = NO;
				SWIFT_VERSION = 5.0;
				TARGETED_DEVICE_FAMILY = "1,2";
				TEST_TARGET_NAME = SnapTalk;
			};
			name = Release;
		};
/* End XCBuildConfiguration section */

/* Begin XCConfigurationList section */
		169ED7922C7BB95F000254F0 /* Build configuration list for PBXProject "SnapTalk" */ = {
			isa = XCConfigurationList;
			buildConfigurations = (
				169ED7B92C7BB960000254F0 /* Debug */,
				169ED7BA2C7BB960000254F0 /* Release */,
			);
			defaultConfigurationIsVisible = 0;
			defaultConfigurationName = Release;
		};
		169ED7BB2C7BB960000254F0 /* Build configuration list for PBXNativeTarget "SnapTalk" */ = {
			isa = XCConfigurationList;
			buildConfigurations = (
				169ED7BC2C7BB960000254F0 /* Debug */,
				169ED7BD2C7BB960000254F0 /* Release */,
			);
			defaultConfigurationIsVisible = 0;
			defaultConfigurationName = Release;
		};
		169ED7BE2C7BB960000254F0 /* Build configuration list for PBXNativeTarget "SnapTalkTests" */ = {
			isa = XCConfigurationList;
			buildConfigurations = (
				169ED7BF2C7BB960000254F0 /* Debug */,
				169ED7C02C7BB960000254F0 /* Release */,
			);
			defaultConfigurationIsVisible = 0;
			defaultConfigurationName = Release;
		};
		169ED7C12C7BB960000254F0 /* Build configuration list for PBXNativeTarget "SnapTalkUITests" */ = {
			isa = XCConfigurationList;
			buildConfigurations = (
				169ED7C22C7BB960000254F0 /* Debug */,
				169ED7C32C7BB960000254F0 /* Release */,
			);
			defaultConfigurationIsVisible = 0;
			defaultConfigurationName = Release;
		};
/* End XCConfigurationList section */

/* Begin XCRemoteSwiftPackageReference section */
		169ED7FC2C7CB436000254F0 /* XCRemoteSwiftPackageReference "firebase-ios-sdk" */ = {
			isa = XCRemoteSwiftPackageReference;
			repositoryURL = "https://github.com/firebase/firebase-ios-sdk";
			requirement = {
				kind = upToNextMajorVersion;
				minimumVersion = 11.1.0;
			};
		};
/* End XCRemoteSwiftPackageReference section */

/* Begin XCSwiftPackageProductDependency section */
		169ED7FD2C7CB436000254F0 /* FirebaseAuth */ = {
			isa = XCSwiftPackageProductDependency;
			package = 169ED7FC2C7CB436000254F0 /* XCRemoteSwiftPackageReference "firebase-ios-sdk" */;
			productName = FirebaseAuth;
		};
		169ED7FF2C7CB436000254F0 /* FirebaseDatabase */ = {
			isa = XCSwiftPackageProductDependency;
			package = 169ED7FC2C7CB436000254F0 /* XCRemoteSwiftPackageReference "firebase-ios-sdk" */;
			productName = FirebaseDatabase;
		};
		169ED8012C7CB436000254F0 /* FirebaseMessaging */ = {
			isa = XCSwiftPackageProductDependency;
			package = 169ED7FC2C7CB436000254F0 /* XCRemoteSwiftPackageReference "firebase-ios-sdk" */;
			productName = FirebaseMessaging;
		};
		169ED8032C7CB436000254F0 /* FirebaseStorage */ = {
			isa = XCSwiftPackageProductDependency;
			package = 169ED7FC2C7CB436000254F0 /* XCRemoteSwiftPackageReference "firebase-ios-sdk" */;
			productName = FirebaseStorage;
		};
/* End XCSwiftPackageProductDependency section */
	};
	rootObject = 169ED78F2C7BB95F000254F0 /* Project object */;
}
